{
  "name": "TTRPGWiki",
  "lockfileVersion": 3,
  "requires": true,
  "packages": {
    "": {
      "dependencies": {
        "firepit": "^0.0.0"
      }
    },
    "node_modules/firepit": {
      "version": "0.0.0",
      "resolved": "https://registry.npmjs.org/firepit/-/firepit-0.0.0.tgz",
      "integrity": "sha512-eed/cmD8RJsdd6KNksQ6+23OPO6tqI/uW+P3UUhO6kIiuguhSs24aCvFVeQz1vCSrsaCpE6hFcKrEheFF4GBow=="
    }
  }
}
